// !$*UTF8*$!
{
	archiveVersion = 1;
	classes = {
	};
	objectVersion = 55;
	objects = {

/* Begin PBXBuildFile section */
		B18C7560282F2DA2005A3B74 /* CardWelcomeView.swift in Sources */ = {isa = PBXBuildFile; fileRef = B18C755F282F2DA2005A3B74 /* CardWelcomeView.swift */; };
		B18C7564282F40C9005A3B74 /* CacheAsyncImage.swift in Sources */ = {isa = PBXBuildFile; fileRef = B18C7563282F40C9005A3B74 /* CacheAsyncImage.swift */; };
		B18C75672830475C005A3B74 /* SearchBar.swift in Sources */ = {isa = PBXBuildFile; fileRef = B18C75662830475C005A3B74 /* SearchBar.swift */; };
		B18C756B28310513005A3B74 /* EmptyResult.swift in Sources */ = {isa = PBXBuildFile; fileRef = B18C756A28310513005A3B74 /* EmptyResult.swift */; };
		B18C756D28310D0E005A3B74 /* DetailBeer.swift in Sources */ = {isa = PBXBuildFile; fileRef = B18C756C28310D0E005A3B74 /* DetailBeer.swift */; };
		B18C756F283150C8005A3B74 /* FiltersView.swift in Sources */ = {isa = PBXBuildFile; fileRef = B18C756E283150C8005A3B74 /* FiltersView.swift */; };
		B18C7571283182C5005A3B74 /* HomeView.swift in Sources */ = {isa = PBXBuildFile; fileRef = B18C7570283182C5005A3B74 /* HomeView.swift */; };
		B18C757A2831B28A005A3B74 /* Localizable.strings in Resources */ = {isa = PBXBuildFile; fileRef = B18C757C2831B28A005A3B74 /* Localizable.strings */; };
		B18C75832831C0C9005A3B74 /* InfoView.swift in Sources */ = {isa = PBXBuildFile; fileRef = B18C75822831C0C9005A3B74 /* InfoView.swift */; };
		B1D9C4E2282C0CDE00AF5FB4 /* GoalBeerApp.swift in Sources */ = {isa = PBXBuildFile; fileRef = B1D9C4E1282C0CDE00AF5FB4 /* GoalBeerApp.swift */; };
		B1D9C4E4282C0CDE00AF5FB4 /* ContentView.swift in Sources */ = {isa = PBXBuildFile; fileRef = B1D9C4E3282C0CDE00AF5FB4 /* ContentView.swift */; };
		B1D9C4E6282C0CE300AF5FB4 /* Assets.xcassets in Resources */ = {isa = PBXBuildFile; fileRef = B1D9C4E5282C0CE300AF5FB4 /* Assets.xcassets */; };
		B1D9C4E9282C0CE300AF5FB4 /* Preview Assets.xcassets in Resources */ = {isa = PBXBuildFile; fileRef = B1D9C4E8282C0CE300AF5FB4 /* Preview Assets.xcassets */; };
		B1D9C4F4282C0F3D00AF5FB4 /* BeerModel.swift in Sources */ = {isa = PBXBuildFile; fileRef = B1D9C4F3282C0F3D00AF5FB4 /* BeerModel.swift */; };
		B1D9C4F6282C114700AF5FB4 /* BeerViewModel.swift in Sources */ = {isa = PBXBuildFile; fileRef = B1D9C4F5282C114700AF5FB4 /* BeerViewModel.swift */; };
		B1D9C4F9282C1B5F00AF5FB4 /* CombineMoya in Frameworks */ = {isa = PBXBuildFile; productRef = B1D9C4F8282C1B5F00AF5FB4 /* CombineMoya */; };
		B1D9C4FB282C1B5F00AF5FB4 /* Moya in Frameworks */ = {isa = PBXBuildFile; productRef = B1D9C4FA282C1B5F00AF5FB4 /* Moya */; };
		B1D9C4FE282C215A00AF5FB4 /* BeerApi.swift in Sources */ = {isa = PBXBuildFile; fileRef = B1D9C4FD282C215A00AF5FB4 /* BeerApi.swift */; };
		B1D9C500282CEF5300AF5FB4 /* ItemView.swift in Sources */ = {isa = PBXBuildFile; fileRef = B1D9C4FF282CEF5300AF5FB4 /* ItemView.swift */; };
		B1D9C502282CF2E900AF5FB4 /* CustomViews.swift in Sources */ = {isa = PBXBuildFile; fileRef = B1D9C501282CF2E900AF5FB4 /* CustomViews.swift */; };
/* End PBXBuildFile section */

/* Begin PBXFileReference section */
		B18C755F282F2DA2005A3B74 /* CardWelcomeView.swift */ = {isa = PBXFileReference; lastKnownFileType = sourcecode.swift; path = CardWelcomeView.swift; sourceTree = "<group>"; };
		B18C7561282F3497005A3B74 /* Info.plist */ = {isa = PBXFileReference; lastKnownFileType = text.plist; path = Info.plist; sourceTree = "<group>"; };
		B18C7563282F40C9005A3B74 /* CacheAsyncImage.swift */ = {isa = PBXFileReference; lastKnownFileType = sourcecode.swift; path = CacheAsyncImage.swift; sourceTree = "<group>"; };
		B18C75662830475C005A3B74 /* SearchBar.swift */ = {isa = PBXFileReference; lastKnownFileType = sourcecode.swift; path = SearchBar.swift; sourceTree = "<group>"; };
		B18C756A28310513005A3B74 /* EmptyResult.swift */ = {isa = PBXFileReference; lastKnownFileType = sourcecode.swift; path = EmptyResult.swift; sourceTree = "<group>"; };
		B18C756C28310D0E005A3B74 /* DetailBeer.swift */ = {isa = PBXFileReference; lastKnownFileType = sourcecode.swift; path = DetailBeer.swift; sourceTree = "<group>"; };
		B18C756E283150C8005A3B74 /* FiltersView.swift */ = {isa = PBXFileReference; lastKnownFileType = sourcecode.swift; path = FiltersView.swift; sourceTree = "<group>"; };
		B18C7570283182C5005A3B74 /* HomeView.swift */ = {isa = PBXFileReference; lastKnownFileType = sourcecode.swift; path = HomeView.swift; sourceTree = "<group>"; };
		B18C757B2831B28A005A3B74 /* en */ = {isa = PBXFileReference; lastKnownFileType = text.plist.strings; name = en; path = en.lproj/Localizable.strings; sourceTree = "<group>"; };
		B18C757D2831B29B005A3B74 /* es */ = {isa = PBXFileReference; lastKnownFileType = text.plist.strings; name = es; path = es.lproj/Localizable.strings; sourceTree = "<group>"; };
		B18C75822831C0C9005A3B74 /* InfoView.swift */ = {isa = PBXFileReference; lastKnownFileType = sourcecode.swift; path = InfoView.swift; sourceTree = "<group>"; };
		B1D9C4DE282C0CDE00AF5FB4 /* GoalBeer.app */ = {isa = PBXFileReference; explicitFileType = wrapper.application; includeInIndex = 0; path = GoalBeer.app; sourceTree = BUILT_PRODUCTS_DIR; };
		B1D9C4E1282C0CDE00AF5FB4 /* GoalBeerApp.swift */ = {isa = PBXFileReference; lastKnownFileType = sourcecode.swift; path = GoalBeerApp.swift; sourceTree = "<group>"; };
		B1D9C4E3282C0CDE00AF5FB4 /* ContentView.swift */ = {isa = PBXFileReference; lastKnownFileType = sourcecode.swift; path = ContentView.swift; sourceTree = "<group>"; };
		B1D9C4E5282C0CE300AF5FB4 /* Assets.xcassets */ = {isa = PBXFileReference; lastKnownFileType = folder.assetcatalog; path = Assets.xcassets; sourceTree = "<group>"; };
		B1D9C4E8282C0CE300AF5FB4 /* Preview Assets.xcassets */ = {isa = PBXFileReference; lastKnownFileType = folder.assetcatalog; path = "Preview Assets.xcassets"; sourceTree = "<group>"; };
		B1D9C4F3282C0F3D00AF5FB4 /* BeerModel.swift */ = {isa = PBXFileReference; lastKnownFileType = sourcecode.swift; path = BeerModel.swift; sourceTree = "<group>"; };
		B1D9C4F5282C114700AF5FB4 /* BeerViewModel.swift */ = {isa = PBXFileReference; lastKnownFileType = sourcecode.swift; path = BeerViewModel.swift; sourceTree = "<group>"; };
		B1D9C4FD282C215A00AF5FB4 /* BeerApi.swift */ = {isa = PBXFileReference; lastKnownFileType = sourcecode.swift; path = BeerApi.swift; sourceTree = "<group>"; };
		B1D9C4FF282CEF5300AF5FB4 /* ItemView.swift */ = {isa = PBXFileReference; lastKnownFileType = sourcecode.swift; path = ItemView.swift; sourceTree = "<group>"; };
		B1D9C501282CF2E900AF5FB4 /* CustomViews.swift */ = {isa = PBXFileReference; lastKnownFileType = sourcecode.swift; path = CustomViews.swift; sourceTree = "<group>"; };
/* End PBXFileReference section */

/* Begin PBXFrameworksBuildPhase section */
		B1D9C4DB282C0CDE00AF5FB4 /* Frameworks */ = {
			isa = PBXFrameworksBuildPhase;
			buildActionMask = 2147483647;
			files = (
				B1D9C4FB282C1B5F00AF5FB4 /* Moya in Frameworks */,
				B1D9C4F9282C1B5F00AF5FB4 /* CombineMoya in Frameworks */,
			);
			runOnlyForDeploymentPostprocessing = 0;
		};
/* End PBXFrameworksBuildPhase section */

/* Begin PBXGroup section */
		B18C75652830473A005A3B74 /* Components */ = {
			isa = PBXGroup;
			children = (
				B18C7563282F40C9005A3B74 /* CacheAsyncImage.swift */,
				B1D9C501282CF2E900AF5FB4 /* CustomViews.swift */,
				B18C755F282F2DA2005A3B74 /* CardWelcomeView.swift */,
				B18C756A28310513005A3B74 /* EmptyResult.swift */,
				B18C75662830475C005A3B74 /* SearchBar.swift */,
			);
			path = Components;
			sourceTree = "<group>";
		};
		B1D9C4D5282C0CDE00AF5FB4 = {
			isa = PBXGroup;
			children = (
				B1D9C4E0282C0CDE00AF5FB4 /* GoalBeer */,
				B1D9C4DF282C0CDE00AF5FB4 /* Products */,
			);
			sourceTree = "<group>";
		};
		B1D9C4DF282C0CDE00AF5FB4 /* Products */ = {
			isa = PBXGroup;
			children = (
				B1D9C4DE282C0CDE00AF5FB4 /* GoalBeer.app */,
			);
			name = Products;
			sourceTree = "<group>";
		};
		B1D9C4E0282C0CDE00AF5FB4 /* GoalBeer */ = {
			isa = PBXGroup;
			children = (
				B18C7561282F3497005A3B74 /* Info.plist */,
				B1D9C4EF282C0DC500AF5FB4 /* Models */,
				B1D9C4F0282C0DCF00AF5FB4 /* ViewModels */,
				B1D9C4F1282C0DE300AF5FB4 /* Views */,
				B1D9C4F2282C0E0500AF5FB4 /* Services */,
				B1D9C4E1282C0CDE00AF5FB4 /* GoalBeerApp.swift */,
				B1D9C4E3282C0CDE00AF5FB4 /* ContentView.swift */,
				B18C757C2831B28A005A3B74 /* Localizable.strings */,
				B1D9C4E5282C0CE300AF5FB4 /* Assets.xcassets */,
				B1D9C4E7282C0CE300AF5FB4 /* Preview Content */,
			);
			path = GoalBeer;
			sourceTree = "<group>";
		};
		B1D9C4E7282C0CE300AF5FB4 /* Preview Content */ = {
			isa = PBXGroup;
			children = (
				B1D9C4E8282C0CE300AF5FB4 /* Preview Assets.xcassets */,
			);
			path = "Preview Content";
			sourceTree = "<group>";
		};
		B1D9C4EF282C0DC500AF5FB4 /* Models */ = {
			isa = PBXGroup;
			children = (
				B1D9C4F3282C0F3D00AF5FB4 /* BeerModel.swift */,
			);
			path = Models;
			sourceTree = "<group>";
		};
		B1D9C4F0282C0DCF00AF5FB4 /* ViewModels */ = {
			isa = PBXGroup;
			children = (
				B1D9C4F5282C114700AF5FB4 /* BeerViewModel.swift */,
			);
			path = ViewModels;
			sourceTree = "<group>";
		};
		B1D9C4F1282C0DE300AF5FB4 /* Views */ = {
			isa = PBXGroup;
			children = (
				B18C75652830473A005A3B74 /* Components */,
				B1D9C4FF282CEF5300AF5FB4 /* ItemView.swift */,
				B18C756C28310D0E005A3B74 /* DetailBeer.swift */,
				B18C7570283182C5005A3B74 /* HomeView.swift */,
				B18C75822831C0C9005A3B74 /* InfoView.swift */,
				B18C756E283150C8005A3B74 /* FiltersView.swift */,
			);
			path = Views;
			sourceTree = "<group>";
		};
		B1D9C4F2282C0E0500AF5FB4 /* Services */ = {
			isa = PBXGroup;
			children = (
				B1D9C4FC282C213600AF5FB4 /* Network */,
			);
			path = Services;
			sourceTree = "<group>";
		};
		B1D9C4FC282C213600AF5FB4 /* Network */ = {
			isa = PBXGroup;
			children = (
				B1D9C4FD282C215A00AF5FB4 /* BeerApi.swift */,
			);
			path = Network;
			sourceTree = "<group>";
		};
/* End PBXGroup section */

/* Begin PBXNativeTarget section */
		B1D9C4DD282C0CDE00AF5FB4 /* GoalBeer */ = {
			isa = PBXNativeTarget;
			buildConfigurationList = B1D9C4EC282C0CE300AF5FB4 /* Build configuration list for PBXNativeTarget "GoalBeer" */;
			buildPhases = (
				B1D9C4DA282C0CDE00AF5FB4 /* Sources */,
				B1D9C4DB282C0CDE00AF5FB4 /* Frameworks */,
				B1D9C4DC282C0CDE00AF5FB4 /* Resources */,
			);
			buildRules = (
			);
			dependencies = (
			);
			name = GoalBeer;
			packageProductDependencies = (
				B1D9C4F8282C1B5F00AF5FB4 /* CombineMoya */,
				B1D9C4FA282C1B5F00AF5FB4 /* Moya */,
			);
			productName = GoalBeer;
			productReference = B1D9C4DE282C0CDE00AF5FB4 /* GoalBeer.app */;
			productType = "com.apple.product-type.application";
		};
/* End PBXNativeTarget section */

/* Begin PBXProject section */
		B1D9C4D6282C0CDE00AF5FB4 /* Project object */ = {
			isa = PBXProject;
			attributes = {
				BuildIndependentTargetsInParallel = 1;
				LastSwiftUpdateCheck = 1330;
				LastUpgradeCheck = 1330;
				TargetAttributes = {
					B1D9C4DD282C0CDE00AF5FB4 = {
						CreatedOnToolsVersion = 13.3.1;
					};
				};
			};
			buildConfigurationList = B1D9C4D9282C0CDE00AF5FB4 /* Build configuration list for PBXProject "GoalBeer" */;
			compatibilityVersion = "Xcode 13.0";
			developmentRegion = en;
			hasScannedForEncodings = 0;
			knownRegions = (
				en,
				Base,
				es,
			);
			mainGroup = B1D9C4D5282C0CDE00AF5FB4;
			packageReferences = (
				B1D9C4F7282C1B5F00AF5FB4 /* XCRemoteSwiftPackageReference "Moya" */,
			);
			productRefGroup = B1D9C4DF282C0CDE00AF5FB4 /* Products */;
			projectDirPath = "";
			projectRoot = "";
			targets = (
				B1D9C4DD282C0CDE00AF5FB4 /* GoalBeer */,
			);
		};
/* End PBXProject section */

/* Begin PBXResourcesBuildPhase section */
		B1D9C4DC282C0CDE00AF5FB4 /* Resources */ = {
			isa = PBXResourcesBuildPhase;
			buildActionMask = 2147483647;
			files = (
				B1D9C4E9282C0CE300AF5FB4 /* Preview Assets.xcassets in Resources */,
				B18C757A2831B28A005A3B74 /* Localizable.strings in Resources */,
				B1D9C4E6282C0CE300AF5FB4 /* Assets.xcassets in Resources */,
			);
			runOnlyForDeploymentPostprocessing = 0;
		};
/* End PBXResourcesBuildPhase section */

/* Begin PBXSourcesBuildPhase section */
		B1D9C4DA282C0CDE00AF5FB4 /* Sources */ = {
			isa = PBXSourcesBuildPhase;
			buildActionMask = 2147483647;
			files = (
				B18C756D28310D0E005A3B74 /* DetailBeer.swift in Sources */,
				B18C7571283182C5005A3B74 /* HomeView.swift in Sources */,
				B1D9C4F6282C114700AF5FB4 /* BeerViewModel.swift in Sources */,
				B18C75832831C0C9005A3B74 /* InfoView.swift in Sources */,
				B18C756B28310513005A3B74 /* EmptyResult.swift in Sources */,
				B18C7560282F2DA2005A3B74 /* CardWelcomeView.swift in Sources */,
				B1D9C500282CEF5300AF5FB4 /* ItemView.swift in Sources */,
				B18C756F283150C8005A3B74 /* FiltersView.swift in Sources */,
				B1D9C502282CF2E900AF5FB4 /* CustomViews.swift in Sources */,
				B1D9C4FE282C215A00AF5FB4 /* BeerApi.swift in Sources */,
				B1D9C4E4282C0CDE00AF5FB4 /* ContentView.swift in Sources */,
				B1D9C4E2282C0CDE00AF5FB4 /* GoalBeerApp.swift in Sources */,
				B18C75672830475C005A3B74 /* SearchBar.swift in Sources */,
				B1D9C4F4282C0F3D00AF5FB4 /* BeerModel.swift in Sources */,
				B18C7564282F40C9005A3B74 /* CacheAsyncImage.swift in Sources */,
			);
			runOnlyForDeploymentPostprocessing = 0;
		};
/* End PBXSourcesBuildPhase section */

/* Begin PBXVariantGroup section */
		B18C757C2831B28A005A3B74 /* Localizable.strings */ = {
			isa = PBXVariantGroup;
			children = (
				B18C757B2831B28A005A3B74 /* en */,
				B18C757D2831B29B005A3B74 /* es */,
			);
			name = Localizable.strings;
			sourceTree = "<group>";
		};
/* End PBXVariantGroup section */

/* Begin XCBuildConfiguration section */
		B1D9C4EA282C0CE300AF5FB4 /* Debug */ = {
			isa = XCBuildConfiguration;
			buildSettings = {
				ALWAYS_SEARCH_USER_PATHS = NO;
				CLANG_ANALYZER_LOCALIZABILITY_NONLOCALIZED = YES;
				CLANG_ANALYZER_NONNULL = YES;
				CLANG_ANALYZER_NUMBER_OBJECT_CONVERSION = YES_AGGRESSIVE;
				CLANG_CXX_LANGUAGE_STANDARD = "gnu++17";
				CLANG_ENABLE_MODULES = YES;
				CLANG_ENABLE_OBJC_ARC = YES;
				CLANG_ENABLE_OBJC_WEAK = YES;
				CLANG_WARN_BLOCK_CAPTURE_AUTORELEASING = YES;
				CLANG_WARN_BOOL_CONVERSION = YES;
				CLANG_WARN_COMMA = YES;
				CLANG_WARN_CONSTANT_CONVERSION = YES;
				CLANG_WARN_DEPRECATED_OBJC_IMPLEMENTATIONS = YES;
				CLANG_WARN_DIRECT_OBJC_ISA_USAGE = YES_ERROR;
				CLANG_WARN_DOCUMENTATION_COMMENTS = YES;
				CLANG_WARN_EMPTY_BODY = YES;
				CLANG_WARN_ENUM_CONVERSION = YES;
				CLANG_WARN_INFINITE_RECURSION = YES;
				CLANG_WARN_INT_CONVERSION = YES;
				CLANG_WARN_NON_LITERAL_NULL_CONVERSION = YES;
				CLANG_WARN_OBJC_IMPLICIT_RETAIN_SELF = YES;
				CLANG_WARN_OBJC_LITERAL_CONVERSION = YES;
				CLANG_WARN_OBJC_ROOT_CLASS = YES_ERROR;
				CLANG_WARN_QUOTED_INCLUDE_IN_FRAMEWORK_HEADER = YES;
				CLANG_WARN_RANGE_LOOP_ANALYSIS = YES;
				CLANG_WARN_STRICT_PROTOTYPES = YES;
				CLANG_WARN_SUSPICIOUS_MOVE = YES;
				CLANG_WARN_UNGUARDED_AVAILABILITY = YES_AGGRESSIVE;
				CLANG_WARN_UNREACHABLE_CODE = YES;
				CLANG_WARN__DUPLICATE_METHOD_MATCH = YES;
				COPY_PHASE_STRIP = NO;
				DEBUG_INFORMATION_FORMAT = dwarf;
				ENABLE_STRICT_OBJC_MSGSEND = YES;
				ENABLE_TESTABILITY = YES;
				GCC_C_LANGUAGE_STANDARD = gnu11;
				GCC_DYNAMIC_NO_PIC = NO;
				GCC_NO_COMMON_BLOCKS = YES;
				GCC_OPTIMIZATION_LEVEL = 0;
				GCC_PREPROCESSOR_DEFINITIONS = (
					"DEBUG=1",
					"$(inherited)",
				);
				GCC_WARN_64_TO_32_BIT_CONVERSION = YES;
				GCC_WARN_ABOUT_RETURN_TYPE = YES_ERROR;
				GCC_WARN_UNDECLARED_SELECTOR = YES;
				GCC_WARN_UNINITIALIZED_AUTOS = YES_AGGRESSIVE;
				GCC_WARN_UNUSED_FUNCTION = YES;
				GCC_WARN_UNUSED_VARIABLE = YES;
				IPHONEOS_DEPLOYMENT_TARGET = 15.4;
				MTL_ENABLE_DEBUG_INFO = INCLUDE_SOURCE;
				MTL_FAST_MATH = YES;
				ONLY_ACTIVE_ARCH = YES;
				SDKROOT = iphoneos;
				SWIFT_ACTIVE_COMPILATION_CONDITIONS = DEBUG;
				SWIFT_OPTIMIZATION_LEVEL = "-Onone";
			};
			name = Debug;
		};
		B1D9C4EB282C0CE300AF5FB4 /* Release */ = {
			isa = XCBuildConfiguration;
			buildSettings = {
				ALWAYS_SEARCH_USER_PATHS = NO;
				CLANG_ANALYZER_LOCALIZABILITY_NONLOCALIZED = YES;
				CLANG_ANALYZER_NONNULL = YES;
				CLANG_ANALYZER_NUMBER_OBJECT_CONVERSION = YES_AGGRESSIVE;
				CLANG_CXX_LANGUAGE_STANDARD = "gnu++17";
				CLANG_ENABLE_MODULES = YES;
				CLANG_ENABLE_OBJC_ARC = YES;
				CLANG_ENABLE_OBJC_WEAK = YES;
				CLANG_WARN_BLOCK_CAPTURE_AUTORELEASING = YES;
				CLANG_WARN_BOOL_CONVERSION = YES;
				CLANG_WARN_COMMA = YES;
				CLANG_WARN_CONSTANT_CONVERSION = YES;
				CLANG_WARN_DEPRECATED_OBJC_IMPLEMENTATIONS = YES;
				CLANG_WARN_DIRECT_OBJC_ISA_USAGE = YES_ERROR;
				CLANG_WARN_DOCUMENTATION_COMMENTS = YES;
				CLANG_WARN_EMPTY_BODY = YES;
				CLANG_WARN_ENUM_CONVERSION = YES;
				CLANG_WARN_INFINITE_RECURSION = YES;
				CLANG_WARN_INT_CONVERSION = YES;
				CLANG_WARN_NON_LITERAL_NULL_CONVERSION = YES;
				CLANG_WARN_OBJC_IMPLICIT_RETAIN_SELF = YES;
				CLANG_WARN_OBJC_LITERAL_CONVERSION = YES;
				CLANG_WARN_OBJC_ROOT_CLASS = YES_ERROR;
				CLANG_WARN_QUOTED_INCLUDE_IN_FRAMEWORK_HEADER = YES;
				CLANG_WARN_RANGE_LOOP_ANALYSIS = YES;
				CLANG_WARN_STRICT_PROTOTYPES = YES;
				CLANG_WARN_SUSPICIOUS_MOVE = YES;
				CLANG_WARN_UNGUARDED_AVAILABILITY = YES_AGGRESSIVE;
				CLANG_WARN_UNREACHABLE_CODE = YES;
				CLANG_WARN__DUPLICATE_METHOD_MATCH = YES;
				COPY_PHASE_STRIP = NO;
				DEBUG_INFORMATION_FORMAT = "dwarf-with-dsym";
				ENABLE_NS_ASSERTIONS = NO;
				ENABLE_STRICT_OBJC_MSGSEND = YES;
				GCC_C_LANGUAGE_STANDARD = gnu11;
				GCC_NO_COMMON_BLOCKS = YES;
				GCC_WARN_64_TO_32_BIT_CONVERSION = YES;
				GCC_WARN_ABOUT_RETURN_TYPE = YES_ERROR;
				GCC_WARN_UNDECLARED_SELECTOR = YES;
				GCC_WARN_UNINITIALIZED_AUTOS = YES_AGGRESSIVE;
				GCC_WARN_UNUSED_FUNCTION = YES;
				GCC_WARN_UNUSED_VARIABLE = YES;
				IPHONEOS_DEPLOYMENT_TARGET = 15.4;
				MTL_ENABLE_DEBUG_INFO = NO;
				MTL_FAST_MATH = YES;
				SDKROOT = iphoneos;
				SWIFT_COMPILATION_MODE = wholemodule;
				SWIFT_OPTIMIZATION_LEVEL = "-O";
				VALIDATE_PRODUCT = YES;
			};
			name = Release;
		};
		B1D9C4ED282C0CE300AF5FB4 /* Debug */ = {
			isa = XCBuildConfiguration;
			buildSettings = {
				ASSETCATALOG_COMPILER_APPICON_NAME = AppIcon;
				ASSETCATALOG_COMPILER_GLOBAL_ACCENT_COLOR_NAME = AccentColor;
				ASSETCATALOG_COMPILER_INCLUDE_ALL_APPICON_ASSETS = YES;
				CODE_SIGN_STYLE = Automatic;
				CURRENT_PROJECT_VERSION = 1;
				DEVELOPMENT_ASSET_PATHS = "\"GoalBeer/Preview Content\"";
				DEVELOPMENT_TEAM = WN95675495;
				ENABLE_PREVIEWS = YES;
				GENERATE_INFOPLIST_FILE = YES;
				INFOPLIST_FILE = GoalBeer/Info.plist;
				INFOPLIST_KEY_UIApplicationSceneManifest_Generation = YES;
				INFOPLIST_KEY_UIApplicationSupportsIndirectInputEvents = YES;
				INFOPLIST_KEY_UILaunchScreen_Generation = YES;
				INFOPLIST_KEY_UISupportedInterfaceOrientations = UIInterfaceOrientationPortrait;
				INFOPLIST_KEY_UISupportedInterfaceOrientations_iPad = "UIInterfaceOrientationPortrait UIInterfaceOrientationPortraitUpsideDown UIInterfaceOrientationLandscapeLeft UIInterfaceOrientationLandscapeRight";
				INFOPLIST_KEY_UISupportedInterfaceOrientations_iPhone = UIInterfaceOrientationPortrait;
				LD_RUNPATH_SEARCH_PATHS = (
					"$(inherited)",
					"@executable_path/Frameworks",
				);
				MARKETING_VERSION = 1.0;
				PRODUCT_BUNDLE_IDENTIFIER = com.elvisreyes.goalbeer.GoalBeer;
				PRODUCT_NAME = "$(TARGET_NAME)";
				SWIFT_EMIT_LOC_STRINGS = YES;
				SWIFT_VERSION = 5.0;
				TARGETED_DEVICE_FAMILY = "1,2";
			};
			name = Debug;
		};
		B1D9C4EE282C0CE300AF5FB4 /* Release */ = {
			isa = XCBuildConfiguration;
			buildSettings = {
				ASSETCATALOG_COMPILER_APPICON_NAME = AppIcon;
				ASSETCATALOG_COMPILER_GLOBAL_ACCENT_COLOR_NAME = AccentColor;
				ASSETCATALOG_COMPILER_INCLUDE_ALL_APPICON_ASSETS = YES;
				CODE_SIGN_STYLE = Automatic;
				CURRENT_PROJECT_VERSION = 1;
				DEVELOPMENT_ASSET_PATHS = "\"GoalBeer/Preview Content\"";
				DEVELOPMENT_TEAM = WN95675495;
				ENABLE_PREVIEWS = YES;
				GENERATE_INFOPLIST_FILE = YES;
				INFOPLIST_FILE = GoalBeer/Info.plist;
				INFOPLIST_KEY_UIApplicationSceneManifest_Generation = YES;
				INFOPLIST_KEY_UIApplicationSupportsIndirectInputEvents = YES;
				INFOPLIST_KEY_UILaunchScreen_Generation = YES;
				INFOPLIST_KEY_UISupportedInterfaceOrientations = UIInterfaceOrientationPortrait;
				INFOPLIST_KEY_UISupportedInterfaceOrientations_iPad = "UIInterfaceOrientationPortrait UIInterfaceOrientationPortraitUpsideDown UIInterfaceOrientationLandscapeLeft UIInterfaceOrientationLandscapeRight";
				INFOPLIST_KEY_UISupportedInterfaceOrientations_iPhone = UIInterfaceOrientationPortrait;
				LD_RUNPATH_SEARCH_PATHS = (
					"$(inherited)",
					"@executable_path/Frameworks",
				);
				MARKETING_VERSION = 1.0;
				PRODUCT_BUNDLE_IDENTIFIER = com.elvisreyes.goalbeer.GoalBeer;
				PRODUCT_NAME = "$(TARGET_NAME)";
				SWIFT_EMIT_LOC_STRINGS = YES;
				SWIFT_VERSION = 5.0;
				TARGETED_DEVICE_FAMILY = "1,2";
			};
			name = Release;
		};
/* End XCBuildConfiguration section */

/* Begin XCConfigurationList section */
		B1D9C4D9282C0CDE00AF5FB4 /* Build configuration list for PBXProject "GoalBeer" */ = {
			isa = XCConfigurationList;
			buildConfigurations = (
				B1D9C4EA282C0CE300AF5FB4 /* Debug */,
				B1D9C4EB282C0CE300AF5FB4 /* Release */,
			);
			defaultConfigurationIsVisible = 0;
			defaultConfigurationName = Release;
		};
		B1D9C4EC282C0CE300AF5FB4 /* Build configuration list for PBXNativeTarget "GoalBeer" */ = {
			isa = XCConfigurationList;
			buildConfigurations = (
				B1D9C4ED282C0CE300AF5FB4 /* Debug */,
				B1D9C4EE282C0CE300AF5FB4 /* Release */,
			);
			defaultConfigurationIsVisible = 0;
			defaultConfigurationName = Release;
		};
/* End XCConfigurationList section */

/* Begin XCRemoteSwiftPackageReference section */
		B1D9C4F7282C1B5F00AF5FB4 /* XCRemoteSwiftPackageReference "Moya" */ = {
			isa = XCRemoteSwiftPackageReference;
			repositoryURL = "https://github.com/Moya/Moya";
			requirement = {
				branch = master;
				kind = branch;
			};
		};
/* End XCRemoteSwiftPackageReference section */

/* Begin XCSwiftPackageProductDependency section */
		B1D9C4F8282C1B5F00AF5FB4 /* CombineMoya */ = {
			isa = XCSwiftPackageProductDependency;
			package = B1D9C4F7282C1B5F00AF5FB4 /* XCRemoteSwiftPackageReference "Moya" */;
			productName = CombineMoya;
		};
		B1D9C4FA282C1B5F00AF5FB4 /* Moya */ = {
			isa = XCSwiftPackageProductDependency;
			package = B1D9C4F7282C1B5F00AF5FB4 /* XCRemoteSwiftPackageReference "Moya" */;
			productName = Moya;
		};
/* End XCSwiftPackageProductDependency section */
	};
	rootObject = B1D9C4D6282C0CDE00AF5FB4 /* Project object */;
}
